
Microsoft Visual Studio Solution File, Format Version 12.00
# Visual Studio Version 17
VisualStudioVersion = 17.6.33829.357
MinimumVisualStudioVersion = 10.0.40219.1
Project("{FAE04EC0-301F-11D3-BF4B-00C04F79EFBC}") = "MVCStokUpdate", "MVCStokUpdate\MVCStokUpdate.csproj", "{2F6BEB9F-5E53-4F81-807B-C63436A38B09}"
EndProject
Global
	GlobalSection(SolutionConfigurationPlatforms) = preSolution
		Debug|Any CPU = Debug|Any CPU
		Release|Any CPU = Release|Any CPU
	EndGlobalSection
	GlobalSection(ProjectConfigurationPlatforms) = postSolution
		{2F6BEB9F-5E53-4F81-807B-C63436A38B09}.Debug|Any CPU.ActiveCfg = Debug|Any CPU
		{2F6BEB9F-5E53-4F81-807B-C63436A38B09}.Debug|Any CPU.Build.0 = Debug|Any CPU
		{2F6BEB9F-5E53-4F81-807B-C63436A38B09}.Release|Any CPU.ActiveCfg = Release|Any CPU
		{2F6BEB9F-5E53-4F81-807B-C63436A38B09}.Release|Any CPU.Build.0 = Release|Any CPU
	EndGlobalSection
	GlobalSection(SolutionProperties) = preSolution
		HideSolutionNode = FALSE
	EndGlobalSection
	GlobalSection(ExtensibilityGlobals) = postSolution
		SolutionGuid = {02442C5A-68D2-42F8-9FBC-8A2A3E549FE0}
	EndGlobalSection
EndGlobal
